# This file is automatically @generated by Cargo.
# It is not intended for manual editing.
version = 4

[[package]]
name = "blake2b-ref"
version = "0.3.1"
source = "registry+https://github.com/rust-lang/crates.io-index"
checksum = "294d17c72e0ba59fad763caa112368d0672083779cdebbb97164f4bb4c1e339a"

[[package]]
name = "verifier-bench"
version = "0.0.0"
dependencies = [
 "blake2b-ref",
]
